
Microsoft Visual Studio Solution File, Format Version 12.00
Project("{FAE04EC0-301F-11D3-BF4B-00C04F79EFBC}") = "Opti.Addons.DeleteMissingCommercePropertiesScheduledJob", "Opti.Addons.DeleteMissingCommercePropertiesScheduledJob.csproj", "{51136FCA-4C7B-4914-9AFF-C181E0023688}"
EndProject
Global
	GlobalSection(SolutionConfigurationPlatforms) = preSolution
		Debug|Any CPU = Debug|Any CPU
		Release|Any CPU = Release|Any CPU
	EndGlobalSection
	GlobalSection(ProjectConfigurationPlatforms) = postSolution
		{51136FCA-4C7B-4914-9AFF-C181E0023688}.Debug|Any CPU.ActiveCfg = Debug|Any CPU
		{51136FCA-4C7B-4914-9AFF-C181E0023688}.Debug|Any CPU.Build.0 = Debug|Any CPU
		{51136FCA-4C7B-4914-9AFF-C181E0023688}.Release|Any CPU.ActiveCfg = Release|Any CPU
		{51136FCA-4C7B-4914-9AFF-C181E0023688}.Release|Any CPU.Build.0 = Release|Any CPU
	EndGlobalSection
EndGlobal
